
Microsoft Visual Studio Solution File, Format Version 12.00
# Visual Studio 15
VisualStudioVersion = 15.0.28307.1585
MinimumVisualStudioVersion = 10.0.40219.1
Project("{FAE04EC0-301F-11D3-BF4B-00C04F79EFBC}") = "WinMaintenance", "WinMaintenance\WinMaintenance.csproj", "{61D64F43-FCC9-49BC-AF02-A13729545AEC}"
EndProject
Global
	GlobalSection(SolutionConfigurationPlatforms) = preSolution
		Debug|Any CPU = Debug|Any CPU
		Release|Any CPU = Release|Any CPU
	EndGlobalSection
	GlobalSection(ProjectConfigurationPlatforms) = postSolution
		{61D64F43-FCC9-49BC-AF02-A13729545AEC}.Debug|Any CPU.ActiveCfg = Debug|Any CPU
		{61D64F43-FCC9-49BC-AF02-A13729545AEC}.Debug|Any CPU.Build.0 = Debug|Any CPU
		{61D64F43-FCC9-49BC-AF02-A13729545AEC}.Release|Any CPU.ActiveCfg = Release|Any CPU
		{61D64F43-FCC9-49BC-AF02-A13729545AEC}.Release|Any CPU.Build.0 = Release|Any CPU
	EndGlobalSection
	GlobalSection(SolutionProperties) = preSolution
		HideSolutionNode = FALSE
	EndGlobalSection
	GlobalSection(ExtensibilityGlobals) = postSolution
		SolutionGuid = {03377E6A-78A2-400E-ADD1-6D874CCB0BE5}
	EndGlobalSection
EndGlobal
